Microsoft Visual Studio Solution File, Format Version 12.00
# Visual Studio 14
Project("{8BC9CEB8-8B4A-11D0-8D11-00A0C91BC942}") = "ALL_BUILD", "ALL_BUILD.vcxproj", "{615AF004-DDA1-36A1-AD0A-71EE0325CE83}"
	ProjectSection(ProjectDependencies) = postProject
		{B73B5026-DC62-36CE-AB6A-5FC1538AF827} = {B73B5026-DC62-36CE-AB6A-5FC1538AF827}
		{F031CC3B-2723-30A6-903E-19BA34E3E643} = {F031CC3B-2723-30A6-903E-19BA34E3E643}
		{B2DAB015-05E1-3ABB-A151-4328FE0359A6} = {B2DAB015-05E1-3ABB-A151-4328FE0359A6}
		{30D99361-DD0D-3633-A88B-480B0E3FE3CC} = {30D99361-DD0D-3633-A88B-480B0E3FE3CC}
		{A65C50BB-9E54-3C61-994C-43BFE56C600E} = {A65C50BB-9E54-3C61-994C-43BFE56C600E}
	EndProjectSection
EndProject
Project("{8BC9CEB8-8B4A-11D0-8D11-00A0C91BC942}") = "ZERO_CHECK", "ZERO_CHECK.vcxproj", "{B73B5026-DC62-36CE-AB6A-5FC1538AF827}"
	ProjectSection(ProjectDependencies) = postProject
	EndProjectSection
EndProject
Project("{8BC9CEB8-8B4A-11D0-8D11-00A0C91BC942}") = "app", "app\app.vcxproj", "{F031CC3B-2723-30A6-903E-19BA34E3E643}"
	ProjectSection(ProjectDependencies) = postProject
		{B73B5026-DC62-36CE-AB6A-5FC1538AF827} = {B73B5026-DC62-36CE-AB6A-5FC1538AF827}
		{B2DAB015-05E1-3ABB-A151-4328FE0359A6} = {B2DAB015-05E1-3ABB-A151-4328FE0359A6}
	EndProjectSection
EndProject
Project("{8BC9CEB8-8B4A-11D0-8D11-00A0C91BC942}") = "code", "src\code.vcxproj", "{B2DAB015-05E1-3ABB-A151-4328FE0359A6}"
	ProjectSection(ProjectDependencies) = postProject
		{B73B5026-DC62-36CE-AB6A-5FC1538AF827} = {B73B5026-DC62-36CE-AB6A-5FC1538AF827}
	EndProjectSection
EndProject
Project("{8BC9CEB8-8B4A-11D0-8D11-00A0C91BC942}") = "gtest", "3rdparty\gtest\gtest.vcxproj", "{30D99361-DD0D-3633-A88B-480B0E3FE3CC}"
	ProjectSection(ProjectDependencies) = postProject
		{B73B5026-DC62-36CE-AB6A-5FC1538AF827} = {B73B5026-DC62-36CE-AB6A-5FC1538AF827}
	EndProjectSection
EndProject
Project("{8BC9CEB8-8B4A-11D0-8D11-00A0C91BC942}") = "mytest", "test\mytest.vcxproj", "{A65C50BB-9E54-3C61-994C-43BFE56C600E}"
	ProjectSection(ProjectDependencies) = postProject
		{B73B5026-DC62-36CE-AB6A-5FC1538AF827} = {B73B5026-DC62-36CE-AB6A-5FC1538AF827}
		{B2DAB015-05E1-3ABB-A151-4328FE0359A6} = {B2DAB015-05E1-3ABB-A151-4328FE0359A6}
		{30D99361-DD0D-3633-A88B-480B0E3FE3CC} = {30D99361-DD0D-3633-A88B-480B0E3FE3CC}
	EndProjectSection
EndProject
Global
	GlobalSection(SolutionConfigurationPlatforms) = preSolution
		Debug|Win32 = Debug|Win32
		Release|Win32 = Release|Win32
		MinSizeRel|Win32 = MinSizeRel|Win32
		RelWithDebInfo|Win32 = RelWithDebInfo|Win32
	EndGlobalSection
	GlobalSection(ProjectConfigurationPlatforms) = postSolution
		{615AF004-DDA1-36A1-AD0A-71EE0325CE83}.Debug|Win32.ActiveCfg = Debug|Win32
		{615AF004-DDA1-36A1-AD0A-71EE0325CE83}.Release|Win32.ActiveCfg = Release|Win32
		{615AF004-DDA1-36A1-AD0A-71EE0325CE83}.MinSizeRel|Win32.ActiveCfg = MinSizeRel|Win32
		{615AF004-DDA1-36A1-AD0A-71EE0325CE83}.RelWithDebInfo|Win32.ActiveCfg = RelWithDebInfo|Win32
		{B73B5026-DC62-36CE-AB6A-5FC1538AF827}.Debug|Win32.ActiveCfg = Debug|Win32
		{B73B5026-DC62-36CE-AB6A-5FC1538AF827}.Debug|Win32.Build.0 = Debug|Win32
		{B73B5026-DC62-36CE-AB6A-5FC1538AF827}.Release|Win32.ActiveCfg = Release|Win32
		{B73B5026-DC62-36CE-AB6A-5FC1538AF827}.Release|Win32.Build.0 = Release|Win32
		{B73B5026-DC62-36CE-AB6A-5FC1538AF827}.MinSizeRel|Win32.ActiveCfg = MinSizeRel|Win32
		{B73B5026-DC62-36CE-AB6A-5FC1538AF827}.MinSizeRel|Win32.Build.0 = MinSizeRel|Win32
		{B73B5026-DC62-36CE-AB6A-5FC1538AF827}.RelWithDebInfo|Win32.ActiveCfg = RelWithDebInfo|Win32
		{B73B5026-DC62-36CE-AB6A-5FC1538AF827}.RelWithDebInfo|Win32.Build.0 = RelWithDebInfo|Win32
		{F031CC3B-2723-30A6-903E-19BA34E3E643}.Debug|Win32.ActiveCfg = Debug|Win32
		{F031CC3B-2723-30A6-903E-19BA34E3E643}.Debug|Win32.Build.0 = Debug|Win32
		{F031CC3B-2723-30A6-903E-19BA34E3E643}.Release|Win32.ActiveCfg = Release|Win32
		{F031CC3B-2723-30A6-903E-19BA34E3E643}.Release|Win32.Build.0 = Release|Win32
		{F031CC3B-2723-30A6-903E-19BA34E3E643}.MinSizeRel|Win32.ActiveCfg = MinSizeRel|Win32
		{F031CC3B-2723-30A6-903E-19BA34E3E643}.MinSizeRel|Win32.Build.0 = MinSizeRel|Win32
		{F031CC3B-2723-30A6-903E-19BA34E3E643}.RelWithDebInfo|Win32.ActiveCfg = RelWithDebInfo|Win32
		{F031CC3B-2723-30A6-903E-19BA34E3E643}.RelWithDebInfo|Win32.Build.0 = RelWithDebInfo|Win32
		{B2DAB015-05E1-3ABB-A151-4328FE0359A6}.Debug|Win32.ActiveCfg = Debug|Win32
		{B2DAB015-05E1-3ABB-A151-4328FE0359A6}.Debug|Win32.Build.0 = Debug|Win32
		{B2DAB015-05E1-3ABB-A151-4328FE0359A6}.Release|Win32.ActiveCfg = Release|Win32
		{B2DAB015-05E1-3ABB-A151-4328FE0359A6}.Release|Win32.Build.0 = Release|Win32
		{B2DAB015-05E1-3ABB-A151-4328FE0359A6}.MinSizeRel|Win32.ActiveCfg = MinSizeRel|Win32
		{B2DAB015-05E1-3ABB-A151-4328FE0359A6}.MinSizeRel|Win32.Build.0 = MinSizeRel|Win32
		{B2DAB015-05E1-3ABB-A151-4328FE0359A6}.RelWithDebInfo|Win32.ActiveCfg = RelWithDebInfo|Win32
		{B2DAB015-05E1-3ABB-A151-4328FE0359A6}.RelWithDebInfo|Win32.Build.0 = RelWithDebInfo|Win32
		{30D99361-DD0D-3633-A88B-480B0E3FE3CC}.Debug|Win32.ActiveCfg = Debug|Win32
		{30D99361-DD0D-3633-A88B-480B0E3FE3CC}.Debug|Win32.Build.0 = Debug|Win32
		{30D99361-DD0D-3633-A88B-480B0E3FE3CC}.Release|Win32.ActiveCfg = Release|Win32
		{30D99361-DD0D-3633-A88B-480B0E3FE3CC}.Release|Win32.Build.0 = Release|Win32
		{30D99361-DD0D-3633-A88B-480B0E3FE3CC}.MinSizeRel|Win32.ActiveCfg = MinSizeRel|Win32
		{30D99361-DD0D-3633-A88B-480B0E3FE3CC}.MinSizeRel|Win32.Build.0 = MinSizeRel|Win32
		{30D99361-DD0D-3633-A88B-480B0E3FE3CC}.RelWithDebInfo|Win32.ActiveCfg = RelWithDebInfo|Win32
		{30D99361-DD0D-3633-A88B-480B0E3FE3CC}.RelWithDebInfo|Win32.Build.0 = RelWithDebInfo|Win32
		{A65C50BB-9E54-3C61-994C-43BFE56C600E}.Debug|Win32.ActiveCfg = Debug|Win32
		{A65C50BB-9E54-3C61-994C-43BFE56C600E}.Debug|Win32.Build.0 = Debug|Win32
		{A65C50BB-9E54-3C61-994C-43BFE56C600E}.Release|Win32.ActiveCfg = Release|Win32
		{A65C50BB-9E54-3C61-994C-43BFE56C600E}.Release|Win32.Build.0 = Release|Win32
		{A65C50BB-9E54-3C61-994C-43BFE56C600E}.MinSizeRel|Win32.ActiveCfg = MinSizeRel|Win32
		{A65C50BB-9E54-3C61-994C-43BFE56C600E}.MinSizeRel|Win32.Build.0 = MinSizeRel|Win32
		{A65C50BB-9E54-3C61-994C-43BFE56C600E}.RelWithDebInfo|Win32.ActiveCfg = RelWithDebInfo|Win32
		{A65C50BB-9E54-3C61-994C-43BFE56C600E}.RelWithDebInfo|Win32.Build.0 = RelWithDebInfo|Win32
	EndGlobalSection
	GlobalSection(ExtensibilityGlobals) = postSolution
	EndGlobalSection
	GlobalSection(ExtensibilityAddIns) = postSolution
	EndGlobalSection
EndGlobal
